
Microsoft Visual Studio Solution File, Format Version 12.00
# Visual Studio 15
Project("{FAE04EC0-301F-11D3-BF4B-00C04F79EFBC}") = "Assembly-CSharp", "Assembly-CSharp.csproj", "{BD9E3F76-E86F-574D-7E98-5FA730C96BEA}"
EndProject
Project("{FAE04EC0-301F-11D3-BF4B-00C04F79EFBC}") = "LuminUnity", "LuminUnity.csproj", "{96433002-8729-03ED-C93E-96911611BCBE}"
EndProject
Project("{FAE04EC0-301F-11D3-BF4B-00C04F79EFBC}") = "LuminUnity-Editor", "LuminUnity-Editor.csproj", "{A1E0E2F2-228B-A103-31A2-C4E9919A8A51}"
EndProject
Project("{FAE04EC0-301F-11D3-BF4B-00C04F79EFBC}") = "Assembly-CSharp-Editor", "Assembly-CSharp-Editor.csproj", "{93E35518-B795-4595-42EE-9AFC2189336D}"
EndProject
Global
	GlobalSection(SolutionConfigurationPlatforms) = preSolution
		Debug|Any CPU = Debug|Any CPU
		Release|Any CPU = Release|Any CPU
	EndGlobalSection
	GlobalSection(ProjectConfigurationPlatforms) = postSolution
		{BD9E3F76-E86F-574D-7E98-5FA730C96BEA}.Debug|Any CPU.ActiveCfg = Debug|Any CPU
		{BD9E3F76-E86F-574D-7E98-5FA730C96BEA}.Debug|Any CPU.Build.0 = Debug|Any CPU
		{BD9E3F76-E86F-574D-7E98-5FA730C96BEA}.Release|Any CPU.ActiveCfg = Release|Any CPU
		{BD9E3F76-E86F-574D-7E98-5FA730C96BEA}.Release|Any CPU.Build.0 = Release|Any CPU
		{96433002-8729-03ED-C93E-96911611BCBE}.Debug|Any CPU.ActiveCfg = Debug|Any CPU
		{96433002-8729-03ED-C93E-96911611BCBE}.Debug|Any CPU.Build.0 = Debug|Any CPU
		{96433002-8729-03ED-C93E-96911611BCBE}.Release|Any CPU.ActiveCfg = Release|Any CPU
		{96433002-8729-03ED-C93E-96911611BCBE}.Release|Any CPU.Build.0 = Release|Any CPU
		{A1E0E2F2-228B-A103-31A2-C4E9919A8A51}.Debug|Any CPU.ActiveCfg = Debug|Any CPU
		{A1E0E2F2-228B-A103-31A2-C4E9919A8A51}.Debug|Any CPU.Build.0 = Debug|Any CPU
		{A1E0E2F2-228B-A103-31A2-C4E9919A8A51}.Release|Any CPU.ActiveCfg = Release|Any CPU
		{A1E0E2F2-228B-A103-31A2-C4E9919A8A51}.Release|Any CPU.Build.0 = Release|Any CPU
		{93E35518-B795-4595-42EE-9AFC2189336D}.Debug|Any CPU.ActiveCfg = Debug|Any CPU
		{93E35518-B795-4595-42EE-9AFC2189336D}.Debug|Any CPU.Build.0 = Debug|Any CPU
		{93E35518-B795-4595-42EE-9AFC2189336D}.Release|Any CPU.ActiveCfg = Release|Any CPU
		{93E35518-B795-4595-42EE-9AFC2189336D}.Release|Any CPU.Build.0 = Release|Any CPU
	EndGlobalSection
	GlobalSection(SolutionProperties) = preSolution
		HideSolutionNode = FALSE
	EndGlobalSection
EndGlobal
